
Microsoft Visual Studio Solution File, Format Version 12.00
# Visual Studio Version 16
VisualStudioVersion = 16.0.31624.102
MinimumVisualStudioVersion = 10.0.40219.1
Project("{FAE04EC0-301F-11D3-BF4B-00C04F79EFBC}") = "TimerGC", "TimerGC\TimerGC.csproj", "{9E198205-FF00-4029-902A-102A0580E419}"
EndProject
Global
	GlobalSection(SolutionConfigurationPlatforms) = preSolution
		Debug|Any CPU = Debug|Any CPU
		Release|Any CPU = Release|Any CPU
	EndGlobalSection
	GlobalSection(ProjectConfigurationPlatforms) = postSolution
		{9E198205-FF00-4029-902A-102A0580E419}.Debug|Any CPU.ActiveCfg = Debug|Any CPU
		{9E198205-FF00-4029-902A-102A0580E419}.Debug|Any CPU.Build.0 = Debug|Any CPU
		{9E198205-FF00-4029-902A-102A0580E419}.Release|Any CPU.ActiveCfg = Release|Any CPU
		{9E198205-FF00-4029-902A-102A0580E419}.Release|Any CPU.Build.0 = Release|Any CPU
	EndGlobalSection
	GlobalSection(SolutionProperties) = preSolution
		HideSolutionNode = FALSE
	EndGlobalSection
	GlobalSection(ExtensibilityGlobals) = postSolution
		SolutionGuid = {9EAA9EE0-8E23-4B91-9426-FD0B55723E89}
	EndGlobalSection
EndGlobal
