
Microsoft Visual Studio Solution File, Format Version 12.00
# Visual Studio Version 16
VisualStudioVersion = 16.0.31624.102
MinimumVisualStudioVersion = 10.0.40219.1
Project("{9A19103F-16F7-4668-BE54-9A1E7A4F7556}") = "Attribute", "Attribute\Attribute.csproj", "{48F92F88-F9DD-4D51-A5AB-9ABFDE214DF9}"
EndProject
Project("{FAE04EC0-301F-11D3-BF4B-00C04F79EFBC}") = "Attribute2", "Attribute2\Attribute2.csproj", "{94F50FAC-8B7E-428D-A21C-BC42E6EE22FD}"
EndProject
Global
	GlobalSection(SolutionConfigurationPlatforms) = preSolution
		Debug|Any CPU = Debug|Any CPU
		Release|Any CPU = Release|Any CPU
	EndGlobalSection
	GlobalSection(ProjectConfigurationPlatforms) = postSolution
		{48F92F88-F9DD-4D51-A5AB-9ABFDE214DF9}.Debug|Any CPU.ActiveCfg = Debug|Any CPU
		{48F92F88-F9DD-4D51-A5AB-9ABFDE214DF9}.Debug|Any CPU.Build.0 = Debug|Any CPU
		{48F92F88-F9DD-4D51-A5AB-9ABFDE214DF9}.Release|Any CPU.ActiveCfg = Release|Any CPU
		{48F92F88-F9DD-4D51-A5AB-9ABFDE214DF9}.Release|Any CPU.Build.0 = Release|Any CPU
		{94F50FAC-8B7E-428D-A21C-BC42E6EE22FD}.Debug|Any CPU.ActiveCfg = Debug|Any CPU
		{94F50FAC-8B7E-428D-A21C-BC42E6EE22FD}.Debug|Any CPU.Build.0 = Debug|Any CPU
		{94F50FAC-8B7E-428D-A21C-BC42E6EE22FD}.Release|Any CPU.ActiveCfg = Release|Any CPU
		{94F50FAC-8B7E-428D-A21C-BC42E6EE22FD}.Release|Any CPU.Build.0 = Release|Any CPU
	EndGlobalSection
	GlobalSection(SolutionProperties) = preSolution
		HideSolutionNode = FALSE
	EndGlobalSection
	GlobalSection(ExtensibilityGlobals) = postSolution
		SolutionGuid = {23DD4C85-86F6-4857-B0EF-FBE39E21916D}
	EndGlobalSection
EndGlobal
