
Microsoft Visual Studio Solution File, Format Version 12.00
# Visual Studio Version 16
VisualStudioVersion = 16.0.31624.102
MinimumVisualStudioVersion = 10.0.40219.1
Project("{FAE04EC0-301F-11D3-BF4B-00C04F79EFBC}") = "VirtualMethod", "VirtualMethod\VirtualMethod.csproj", "{F5730CE3-3264-4C64-B59A-834929717849}"
EndProject
Global
	GlobalSection(SolutionConfigurationPlatforms) = preSolution
		Debug|Any CPU = Debug|Any CPU
		Release|Any CPU = Release|Any CPU
	EndGlobalSection
	GlobalSection(ProjectConfigurationPlatforms) = postSolution
		{F5730CE3-3264-4C64-B59A-834929717849}.Debug|Any CPU.ActiveCfg = Debug|Any CPU
		{F5730CE3-3264-4C64-B59A-834929717849}.Debug|Any CPU.Build.0 = Debug|Any CPU
		{F5730CE3-3264-4C64-B59A-834929717849}.Release|Any CPU.ActiveCfg = Release|Any CPU
		{F5730CE3-3264-4C64-B59A-834929717849}.Release|Any CPU.Build.0 = Release|Any CPU
	EndGlobalSection
	GlobalSection(SolutionProperties) = preSolution
		HideSolutionNode = FALSE
	EndGlobalSection
	GlobalSection(ExtensibilityGlobals) = postSolution
		SolutionGuid = {D703B762-91F7-4F0F-922E-7BF1FAC94E82}
	EndGlobalSection
EndGlobal
