
Microsoft Visual Studio Solution File, Format Version 12.00
# Visual Studio Version 16
VisualStudioVersion = 16.0.31624.102
MinimumVisualStudioVersion = 10.0.40219.1
Project("{FAE04EC0-301F-11D3-BF4B-00C04F79EFBC}") = "YieldIterator", "YieldIterator\YieldIterator.csproj", "{27BA0B76-3706-442E-9864-3C88121EAB01}"
EndProject
Global
	GlobalSection(SolutionConfigurationPlatforms) = preSolution
		Debug|Any CPU = Debug|Any CPU
		Release|Any CPU = Release|Any CPU
	EndGlobalSection
	GlobalSection(ProjectConfigurationPlatforms) = postSolution
		{27BA0B76-3706-442E-9864-3C88121EAB01}.Debug|Any CPU.ActiveCfg = Debug|Any CPU
		{27BA0B76-3706-442E-9864-3C88121EAB01}.Debug|Any CPU.Build.0 = Debug|Any CPU
		{27BA0B76-3706-442E-9864-3C88121EAB01}.Release|Any CPU.ActiveCfg = Release|Any CPU
		{27BA0B76-3706-442E-9864-3C88121EAB01}.Release|Any CPU.Build.0 = Release|Any CPU
	EndGlobalSection
	GlobalSection(SolutionProperties) = preSolution
		HideSolutionNode = FALSE
	EndGlobalSection
	GlobalSection(ExtensibilityGlobals) = postSolution
		SolutionGuid = {861C3D9F-4F7F-4777-AD79-72FD71869D40}
	EndGlobalSection
EndGlobal
