
Microsoft Visual Studio Solution File, Format Version 12.00
# Visual Studio Version 16
VisualStudioVersion = 16.0.31624.102
MinimumVisualStudioVersion = 10.0.40219.1
Project("{FAE04EC0-301F-11D3-BF4B-00C04F79EFBC}") = "ExceptionsTryCatchFinally", "ExceptionsTryCatchFinally\ExceptionsTryCatchFinally.csproj", "{3B3DEDCF-9FCB-44F1-97D9-202BCB9CB2BC}"
EndProject
Global
	GlobalSection(SolutionConfigurationPlatforms) = preSolution
		Debug|Any CPU = Debug|Any CPU
		Release|Any CPU = Release|Any CPU
	EndGlobalSection
	GlobalSection(ProjectConfigurationPlatforms) = postSolution
		{3B3DEDCF-9FCB-44F1-97D9-202BCB9CB2BC}.Debug|Any CPU.ActiveCfg = Debug|Any CPU
		{3B3DEDCF-9FCB-44F1-97D9-202BCB9CB2BC}.Debug|Any CPU.Build.0 = Debug|Any CPU
		{3B3DEDCF-9FCB-44F1-97D9-202BCB9CB2BC}.Release|Any CPU.ActiveCfg = Release|Any CPU
		{3B3DEDCF-9FCB-44F1-97D9-202BCB9CB2BC}.Release|Any CPU.Build.0 = Release|Any CPU
	EndGlobalSection
	GlobalSection(SolutionProperties) = preSolution
		HideSolutionNode = FALSE
	EndGlobalSection
	GlobalSection(ExtensibilityGlobals) = postSolution
		SolutionGuid = {30D70AAF-84F3-4915-B66B-196A0E7D80FD}
	EndGlobalSection
EndGlobal
