
Microsoft Visual Studio Solution File, Format Version 12.00
# Visual Studio Version 16
VisualStudioVersion = 16.0.31624.102
MinimumVisualStudioVersion = 10.0.40219.1
Project("{FAE04EC0-301F-11D3-BF4B-00C04F79EFBC}") = "MonitoringDomen", "MonitoringDomen\MonitoringDomen.csproj", "{AE3CC793-414B-41E8-B0AC-C5E1536B3C59}"
EndProject
Global
	GlobalSection(SolutionConfigurationPlatforms) = preSolution
		Debug|Any CPU = Debug|Any CPU
		Release|Any CPU = Release|Any CPU
	EndGlobalSection
	GlobalSection(ProjectConfigurationPlatforms) = postSolution
		{AE3CC793-414B-41E8-B0AC-C5E1536B3C59}.Debug|Any CPU.ActiveCfg = Debug|Any CPU
		{AE3CC793-414B-41E8-B0AC-C5E1536B3C59}.Debug|Any CPU.Build.0 = Debug|Any CPU
		{AE3CC793-414B-41E8-B0AC-C5E1536B3C59}.Release|Any CPU.ActiveCfg = Release|Any CPU
		{AE3CC793-414B-41E8-B0AC-C5E1536B3C59}.Release|Any CPU.Build.0 = Release|Any CPU
	EndGlobalSection
	GlobalSection(SolutionProperties) = preSolution
		HideSolutionNode = FALSE
	EndGlobalSection
	GlobalSection(ExtensibilityGlobals) = postSolution
		SolutionGuid = {5F35CD24-FA1B-4A04-BA7A-1C1E93F60BE7}
	EndGlobalSection
EndGlobal
