
Microsoft Visual Studio Solution File, Format Version 12.00
# Visual Studio Version 16
VisualStudioVersion = 16.0.31624.102
MinimumVisualStudioVersion = 10.0.40219.1
Project("{FAE04EC0-301F-11D3-BF4B-00C04F79EFBC}") = "Constructor", "Constructor\Constructor.csproj", "{425B597F-B90C-4220-9EF8-D347EA00F65A}"
EndProject
Global
	GlobalSection(SolutionConfigurationPlatforms) = preSolution
		Debug|Any CPU = Debug|Any CPU
		Release|Any CPU = Release|Any CPU
	EndGlobalSection
	GlobalSection(ProjectConfigurationPlatforms) = postSolution
		{425B597F-B90C-4220-9EF8-D347EA00F65A}.Debug|Any CPU.ActiveCfg = Debug|Any CPU
		{425B597F-B90C-4220-9EF8-D347EA00F65A}.Debug|Any CPU.Build.0 = Debug|Any CPU
		{425B597F-B90C-4220-9EF8-D347EA00F65A}.Release|Any CPU.ActiveCfg = Release|Any CPU
		{425B597F-B90C-4220-9EF8-D347EA00F65A}.Release|Any CPU.Build.0 = Release|Any CPU
	EndGlobalSection
	GlobalSection(SolutionProperties) = preSolution
		HideSolutionNode = FALSE
	EndGlobalSection
	GlobalSection(ExtensibilityGlobals) = postSolution
		SolutionGuid = {C44EE8CE-79D9-4641-9F2B-9A922BC6207D}
	EndGlobalSection
EndGlobal
