
Microsoft Visual Studio Solution File, Format Version 12.00
# Visual Studio Version 16
VisualStudioVersion = 16.0.31624.102
MinimumVisualStudioVersion = 10.0.40219.1
Project("{FAE04EC0-301F-11D3-BF4B-00C04F79EFBC}") = "MultiDomains", "MultiDomains\MultiDomains.csproj", "{D3455691-F5BD-4F0C-9E14-FAFDE973FCFF}"
EndProject
Project("{FAE04EC0-301F-11D3-BF4B-00C04F79EFBC}") = "App1", "App1\App1.csproj", "{37CBD506-3DB3-4B65-93FB-0384E803B72E}"
EndProject
Project("{FAE04EC0-301F-11D3-BF4B-00C04F79EFBC}") = "App2", "App2\App2.csproj", "{678EE611-34C4-4CFF-96DD-4A1ABDEFDE38}"
EndProject
Global
	GlobalSection(SolutionConfigurationPlatforms) = preSolution
		Debug|Any CPU = Debug|Any CPU
		Release|Any CPU = Release|Any CPU
	EndGlobalSection
	GlobalSection(ProjectConfigurationPlatforms) = postSolution
		{D3455691-F5BD-4F0C-9E14-FAFDE973FCFF}.Debug|Any CPU.ActiveCfg = Debug|Any CPU
		{D3455691-F5BD-4F0C-9E14-FAFDE973FCFF}.Debug|Any CPU.Build.0 = Debug|Any CPU
		{D3455691-F5BD-4F0C-9E14-FAFDE973FCFF}.Release|Any CPU.ActiveCfg = Release|Any CPU
		{D3455691-F5BD-4F0C-9E14-FAFDE973FCFF}.Release|Any CPU.Build.0 = Release|Any CPU
		{37CBD506-3DB3-4B65-93FB-0384E803B72E}.Debug|Any CPU.ActiveCfg = Debug|Any CPU
		{37CBD506-3DB3-4B65-93FB-0384E803B72E}.Debug|Any CPU.Build.0 = Debug|Any CPU
		{37CBD506-3DB3-4B65-93FB-0384E803B72E}.Release|Any CPU.ActiveCfg = Release|Any CPU
		{37CBD506-3DB3-4B65-93FB-0384E803B72E}.Release|Any CPU.Build.0 = Release|Any CPU
		{678EE611-34C4-4CFF-96DD-4A1ABDEFDE38}.Debug|Any CPU.ActiveCfg = Debug|Any CPU
		{678EE611-34C4-4CFF-96DD-4A1ABDEFDE38}.Debug|Any CPU.Build.0 = Debug|Any CPU
		{678EE611-34C4-4CFF-96DD-4A1ABDEFDE38}.Release|Any CPU.ActiveCfg = Release|Any CPU
		{678EE611-34C4-4CFF-96DD-4A1ABDEFDE38}.Release|Any CPU.Build.0 = Release|Any CPU
	EndGlobalSection
	GlobalSection(SolutionProperties) = preSolution
		HideSolutionNode = FALSE
	EndGlobalSection
	GlobalSection(ExtensibilityGlobals) = postSolution
		SolutionGuid = {53A936D8-21BB-4476-BDD1-D079772664A5}
	EndGlobalSection
EndGlobal
