
Microsoft Visual Studio Solution File, Format Version 12.00
# Visual Studio Version 16
VisualStudioVersion = 16.0.31624.102
MinimumVisualStudioVersion = 10.0.40219.1
Project("{FAE04EC0-301F-11D3-BF4B-00C04F79EFBC}") = "Enum", "Enum\Enum.csproj", "{06655EEE-324C-4AEC-859E-7576BB0D8A4E}"
EndProject
Global
	GlobalSection(SolutionConfigurationPlatforms) = preSolution
		Debug|Any CPU = Debug|Any CPU
		Release|Any CPU = Release|Any CPU
	EndGlobalSection
	GlobalSection(ProjectConfigurationPlatforms) = postSolution
		{06655EEE-324C-4AEC-859E-7576BB0D8A4E}.Debug|Any CPU.ActiveCfg = Debug|Any CPU
		{06655EEE-324C-4AEC-859E-7576BB0D8A4E}.Debug|Any CPU.Build.0 = Debug|Any CPU
		{06655EEE-324C-4AEC-859E-7576BB0D8A4E}.Release|Any CPU.ActiveCfg = Release|Any CPU
		{06655EEE-324C-4AEC-859E-7576BB0D8A4E}.Release|Any CPU.Build.0 = Release|Any CPU
	EndGlobalSection
	GlobalSection(SolutionProperties) = preSolution
		HideSolutionNode = FALSE
	EndGlobalSection
	GlobalSection(ExtensibilityGlobals) = postSolution
		SolutionGuid = {6ECEEE32-5EF2-4F01-A26B-20EB2C5A77E3}
	EndGlobalSection
EndGlobal
