
Microsoft Visual Studio Solution File, Format Version 12.00
# Visual Studio Version 16
VisualStudioVersion = 16.0.31624.102
MinimumVisualStudioVersion = 10.0.40219.1
Project("{FAE04EC0-301F-11D3-BF4B-00C04F79EFBC}") = "Indexator", "Indexator\Indexator.csproj", "{4E06736C-131D-4C10-81A5-35FE2667B221}"
EndProject
Global
	GlobalSection(SolutionConfigurationPlatforms) = preSolution
		Debug|Any CPU = Debug|Any CPU
		Release|Any CPU = Release|Any CPU
	EndGlobalSection
	GlobalSection(ProjectConfigurationPlatforms) = postSolution
		{4E06736C-131D-4C10-81A5-35FE2667B221}.Debug|Any CPU.ActiveCfg = Debug|Any CPU
		{4E06736C-131D-4C10-81A5-35FE2667B221}.Debug|Any CPU.Build.0 = Debug|Any CPU
		{4E06736C-131D-4C10-81A5-35FE2667B221}.Release|Any CPU.ActiveCfg = Release|Any CPU
		{4E06736C-131D-4C10-81A5-35FE2667B221}.Release|Any CPU.Build.0 = Release|Any CPU
	EndGlobalSection
	GlobalSection(SolutionProperties) = preSolution
		HideSolutionNode = FALSE
	EndGlobalSection
	GlobalSection(ExtensibilityGlobals) = postSolution
		SolutionGuid = {0597AC80-4E6E-4F8D-B2F3-2891AC12D717}
	EndGlobalSection
EndGlobal
