
Microsoft Visual Studio Solution File, Format Version 12.00
# Visual Studio Version 16
VisualStudioVersion = 16.0.31624.102
MinimumVisualStudioVersion = 10.0.40219.1
Project("{FAE04EC0-301F-11D3-BF4B-00C04F79EFBC}") = "Fibonachi", "Fibonachi\Fibonachi.csproj", "{D5066C6D-703A-4E43-B265-6F6CA52FF733}"
EndProject
Global
	GlobalSection(SolutionConfigurationPlatforms) = preSolution
		Debug|Any CPU = Debug|Any CPU
		Release|Any CPU = Release|Any CPU
	EndGlobalSection
	GlobalSection(ProjectConfigurationPlatforms) = postSolution
		{D5066C6D-703A-4E43-B265-6F6CA52FF733}.Debug|Any CPU.ActiveCfg = Debug|Any CPU
		{D5066C6D-703A-4E43-B265-6F6CA52FF733}.Debug|Any CPU.Build.0 = Debug|Any CPU
		{D5066C6D-703A-4E43-B265-6F6CA52FF733}.Release|Any CPU.ActiveCfg = Release|Any CPU
		{D5066C6D-703A-4E43-B265-6F6CA52FF733}.Release|Any CPU.Build.0 = Release|Any CPU
	EndGlobalSection
	GlobalSection(SolutionProperties) = preSolution
		HideSolutionNode = FALSE
	EndGlobalSection
	GlobalSection(ExtensibilityGlobals) = postSolution
		SolutionGuid = {BBDEFA00-81A2-4DC2-A57E-82928E0AD50C}
	EndGlobalSection
EndGlobal
