
Microsoft Visual Studio Solution File, Format Version 12.00
# Visual Studio Version 16
VisualStudioVersion = 16.0.31624.102
MinimumVisualStudioVersion = 10.0.40219.1
Project("{FAE04EC0-301F-11D3-BF4B-00C04F79EFBC}") = "ExtensionsMethod", "ExtensionsMethod\ExtensionsMethod.csproj", "{8D57AC65-7AC8-4ADB-A96A-A68FD6D2EE4A}"
EndProject
Global
	GlobalSection(SolutionConfigurationPlatforms) = preSolution
		Debug|Any CPU = Debug|Any CPU
		Release|Any CPU = Release|Any CPU
	EndGlobalSection
	GlobalSection(ProjectConfigurationPlatforms) = postSolution
		{8D57AC65-7AC8-4ADB-A96A-A68FD6D2EE4A}.Debug|Any CPU.ActiveCfg = Debug|Any CPU
		{8D57AC65-7AC8-4ADB-A96A-A68FD6D2EE4A}.Debug|Any CPU.Build.0 = Debug|Any CPU
		{8D57AC65-7AC8-4ADB-A96A-A68FD6D2EE4A}.Release|Any CPU.ActiveCfg = Release|Any CPU
		{8D57AC65-7AC8-4ADB-A96A-A68FD6D2EE4A}.Release|Any CPU.Build.0 = Release|Any CPU
	EndGlobalSection
	GlobalSection(SolutionProperties) = preSolution
		HideSolutionNode = FALSE
	EndGlobalSection
	GlobalSection(ExtensibilityGlobals) = postSolution
		SolutionGuid = {5693C055-08DD-4FF5-A4A1-8852ECC60F24}
	EndGlobalSection
EndGlobal
