
Microsoft Visual Studio Solution File, Format Version 12.00
# Visual Studio Version 16
VisualStudioVersion = 16.0.31624.102
MinimumVisualStudioVersion = 10.0.40219.1
Project("{FAE04EC0-301F-11D3-BF4B-00C04F79EFBC}") = "Assembly", "Assembly\Assembly.csproj", "{20DC8429-6ACF-4D3C-AEFA-69F21FCB5B12}"
EndProject
Global
	GlobalSection(SolutionConfigurationPlatforms) = preSolution
		Debug|Any CPU = Debug|Any CPU
		Release|Any CPU = Release|Any CPU
	EndGlobalSection
	GlobalSection(ProjectConfigurationPlatforms) = postSolution
		{20DC8429-6ACF-4D3C-AEFA-69F21FCB5B12}.Debug|Any CPU.ActiveCfg = Debug|Any CPU
		{20DC8429-6ACF-4D3C-AEFA-69F21FCB5B12}.Debug|Any CPU.Build.0 = Debug|Any CPU
		{20DC8429-6ACF-4D3C-AEFA-69F21FCB5B12}.Release|Any CPU.ActiveCfg = Release|Any CPU
		{20DC8429-6ACF-4D3C-AEFA-69F21FCB5B12}.Release|Any CPU.Build.0 = Release|Any CPU
	EndGlobalSection
	GlobalSection(SolutionProperties) = preSolution
		HideSolutionNode = FALSE
	EndGlobalSection
	GlobalSection(ExtensibilityGlobals) = postSolution
		SolutionGuid = {62C848B2-E2B5-422B-8983-2D8713B97914}
	EndGlobalSection
EndGlobal
