
Microsoft Visual Studio Solution File, Format Version 12.00
# Visual Studio Version 16
VisualStudioVersion = 16.0.31624.102
MinimumVisualStudioVersion = 10.0.40219.1
Project("{FAE04EC0-301F-11D3-BF4B-00C04F79EFBC}") = "BoxingUnBoxing", "BoxingUnBoxing\BoxingUnBoxing.csproj", "{7FE48DCB-F95D-48E7-BB43-A8887EF96281}"
EndProject
Project("{FAE04EC0-301F-11D3-BF4B-00C04F79EFBC}") = "BoxingStructure", "BoxingStructure\BoxingStructure.csproj", "{1770C1B6-F6D4-49A2-9E14-5346518935B5}"
EndProject
Project("{FAE04EC0-301F-11D3-BF4B-00C04F79EFBC}") = "ChangeFieldBoxValueType", "ChangeFieldBoxValueType\ChangeFieldBoxValueType.csproj", "{2739160C-17AB-47BF-B1E7-DAE2AEB40359}"
EndProject
Global
	GlobalSection(SolutionConfigurationPlatforms) = preSolution
		Debug|Any CPU = Debug|Any CPU
		Release|Any CPU = Release|Any CPU
	EndGlobalSection
	GlobalSection(ProjectConfigurationPlatforms) = postSolution
		{7FE48DCB-F95D-48E7-BB43-A8887EF96281}.Debug|Any CPU.ActiveCfg = Debug|Any CPU
		{7FE48DCB-F95D-48E7-BB43-A8887EF96281}.Debug|Any CPU.Build.0 = Debug|Any CPU
		{7FE48DCB-F95D-48E7-BB43-A8887EF96281}.Release|Any CPU.ActiveCfg = Release|Any CPU
		{7FE48DCB-F95D-48E7-BB43-A8887EF96281}.Release|Any CPU.Build.0 = Release|Any CPU
		{1770C1B6-F6D4-49A2-9E14-5346518935B5}.Debug|Any CPU.ActiveCfg = Debug|Any CPU
		{1770C1B6-F6D4-49A2-9E14-5346518935B5}.Debug|Any CPU.Build.0 = Debug|Any CPU
		{1770C1B6-F6D4-49A2-9E14-5346518935B5}.Release|Any CPU.ActiveCfg = Release|Any CPU
		{1770C1B6-F6D4-49A2-9E14-5346518935B5}.Release|Any CPU.Build.0 = Release|Any CPU
		{2739160C-17AB-47BF-B1E7-DAE2AEB40359}.Debug|Any CPU.ActiveCfg = Debug|Any CPU
		{2739160C-17AB-47BF-B1E7-DAE2AEB40359}.Debug|Any CPU.Build.0 = Debug|Any CPU
		{2739160C-17AB-47BF-B1E7-DAE2AEB40359}.Release|Any CPU.ActiveCfg = Release|Any CPU
		{2739160C-17AB-47BF-B1E7-DAE2AEB40359}.Release|Any CPU.Build.0 = Release|Any CPU
	EndGlobalSection
	GlobalSection(SolutionProperties) = preSolution
		HideSolutionNode = FALSE
	EndGlobalSection
	GlobalSection(ExtensibilityGlobals) = postSolution
		SolutionGuid = {6F017B66-0211-4EE2-B4F5-F538DD432883}
	EndGlobalSection
EndGlobal
