
Microsoft Visual Studio Solution File, Format Version 12.00
# Visual Studio Version 16
VisualStudioVersion = 16.0.31624.102
MinimumVisualStudioVersion = 10.0.40219.1
Project("{FAE04EC0-301F-11D3-BF4B-00C04F79EFBC}") = "AsyncOperations", "AsyncOperations\AsyncOperations.csproj", "{7E607966-A38F-4846-A0A3-80C37416CA9A}"
EndProject
Project("{FAE04EC0-301F-11D3-BF4B-00C04F79EFBC}") = "DisableCopyText", "DisableCopyText\DisableCopyText.csproj", "{F28E0E82-54D1-49D0-A7EF-57F780401827}"
EndProject
Global
	GlobalSection(SolutionConfigurationPlatforms) = preSolution
		Debug|Any CPU = Debug|Any CPU
		Release|Any CPU = Release|Any CPU
	EndGlobalSection
	GlobalSection(ProjectConfigurationPlatforms) = postSolution
		{7E607966-A38F-4846-A0A3-80C37416CA9A}.Debug|Any CPU.ActiveCfg = Debug|Any CPU
		{7E607966-A38F-4846-A0A3-80C37416CA9A}.Debug|Any CPU.Build.0 = Debug|Any CPU
		{7E607966-A38F-4846-A0A3-80C37416CA9A}.Release|Any CPU.ActiveCfg = Release|Any CPU
		{7E607966-A38F-4846-A0A3-80C37416CA9A}.Release|Any CPU.Build.0 = Release|Any CPU
		{F28E0E82-54D1-49D0-A7EF-57F780401827}.Debug|Any CPU.ActiveCfg = Debug|Any CPU
		{F28E0E82-54D1-49D0-A7EF-57F780401827}.Debug|Any CPU.Build.0 = Debug|Any CPU
		{F28E0E82-54D1-49D0-A7EF-57F780401827}.Release|Any CPU.ActiveCfg = Release|Any CPU
		{F28E0E82-54D1-49D0-A7EF-57F780401827}.Release|Any CPU.Build.0 = Release|Any CPU
	EndGlobalSection
	GlobalSection(SolutionProperties) = preSolution
		HideSolutionNode = FALSE
	EndGlobalSection
	GlobalSection(ExtensibilityGlobals) = postSolution
		SolutionGuid = {B083D7F2-41F9-48E7-ADEC-B5B071886203}
	EndGlobalSection
EndGlobal
