
Microsoft Visual Studio Solution File, Format Version 12.00
# Visual Studio Version 16
VisualStudioVersion = 16.0.31624.102
MinimumVisualStudioVersion = 10.0.40219.1
Project("{9A19103F-16F7-4668-BE54-9A1E7A4F7556}") = "ContractCode", "ContractCode\ContractCode.csproj", "{8C791704-1E29-4DE3-96B0-BF1BFF0121B8}"
EndProject
Project("{FAE04EC0-301F-11D3-BF4B-00C04F79EFBC}") = "Contract2", "Contract2\Contract2.csproj", "{B6F774D7-9ABF-4F78-BD54-DCDDBF36B252}"
EndProject
Global
	GlobalSection(SolutionConfigurationPlatforms) = preSolution
		Debug|Any CPU = Debug|Any CPU
		Release|Any CPU = Release|Any CPU
	EndGlobalSection
	GlobalSection(ProjectConfigurationPlatforms) = postSolution
		{8C791704-1E29-4DE3-96B0-BF1BFF0121B8}.Debug|Any CPU.ActiveCfg = Debug|Any CPU
		{8C791704-1E29-4DE3-96B0-BF1BFF0121B8}.Debug|Any CPU.Build.0 = Debug|Any CPU
		{8C791704-1E29-4DE3-96B0-BF1BFF0121B8}.Release|Any CPU.ActiveCfg = Release|Any CPU
		{8C791704-1E29-4DE3-96B0-BF1BFF0121B8}.Release|Any CPU.Build.0 = Release|Any CPU
		{B6F774D7-9ABF-4F78-BD54-DCDDBF36B252}.Debug|Any CPU.ActiveCfg = Debug|Any CPU
		{B6F774D7-9ABF-4F78-BD54-DCDDBF36B252}.Debug|Any CPU.Build.0 = Debug|Any CPU
		{B6F774D7-9ABF-4F78-BD54-DCDDBF36B252}.Release|Any CPU.ActiveCfg = Release|Any CPU
		{B6F774D7-9ABF-4F78-BD54-DCDDBF36B252}.Release|Any CPU.Build.0 = Release|Any CPU
	EndGlobalSection
	GlobalSection(SolutionProperties) = preSolution
		HideSolutionNode = FALSE
	EndGlobalSection
	GlobalSection(ExtensibilityGlobals) = postSolution
		SolutionGuid = {7A426C2E-E92D-4B5D-85BD-4680E32FE42D}
	EndGlobalSection
EndGlobal
