
Microsoft Visual Studio Solution File, Format Version 12.00
# Visual Studio Version 16
VisualStudioVersion = 16.0.31624.102
MinimumVisualStudioVersion = 10.0.40219.1
Project("{9A19103F-16F7-4668-BE54-9A1E7A4F7556}") = "Events", "Events\Events.csproj", "{6C3E8D0C-9307-46C6-9124-06715A4D220D}"
EndProject
Project("{9A19103F-16F7-4668-BE54-9A1E7A4F7556}") = "Event2", "Event2\Event2.csproj", "{72A87598-D018-496E-B337-612FA72A8FFA}"
EndProject
Project("{9A19103F-16F7-4668-BE54-9A1E7A4F7556}") = "Event3", "Event3\Event3.csproj", "{1D1A6705-1033-4AE5-AB69-B6613B7B2003}"
EndProject
Global
	GlobalSection(SolutionConfigurationPlatforms) = preSolution
		Debug|Any CPU = Debug|Any CPU
		Release|Any CPU = Release|Any CPU
	EndGlobalSection
	GlobalSection(ProjectConfigurationPlatforms) = postSolution
		{6C3E8D0C-9307-46C6-9124-06715A4D220D}.Debug|Any CPU.ActiveCfg = Debug|Any CPU
		{6C3E8D0C-9307-46C6-9124-06715A4D220D}.Debug|Any CPU.Build.0 = Debug|Any CPU
		{6C3E8D0C-9307-46C6-9124-06715A4D220D}.Release|Any CPU.ActiveCfg = Release|Any CPU
		{6C3E8D0C-9307-46C6-9124-06715A4D220D}.Release|Any CPU.Build.0 = Release|Any CPU
		{72A87598-D018-496E-B337-612FA72A8FFA}.Debug|Any CPU.ActiveCfg = Debug|Any CPU
		{72A87598-D018-496E-B337-612FA72A8FFA}.Debug|Any CPU.Build.0 = Debug|Any CPU
		{72A87598-D018-496E-B337-612FA72A8FFA}.Release|Any CPU.ActiveCfg = Release|Any CPU
		{72A87598-D018-496E-B337-612FA72A8FFA}.Release|Any CPU.Build.0 = Release|Any CPU
		{1D1A6705-1033-4AE5-AB69-B6613B7B2003}.Debug|Any CPU.ActiveCfg = Debug|Any CPU
		{1D1A6705-1033-4AE5-AB69-B6613B7B2003}.Debug|Any CPU.Build.0 = Debug|Any CPU
		{1D1A6705-1033-4AE5-AB69-B6613B7B2003}.Release|Any CPU.ActiveCfg = Release|Any CPU
		{1D1A6705-1033-4AE5-AB69-B6613B7B2003}.Release|Any CPU.Build.0 = Release|Any CPU
	EndGlobalSection
	GlobalSection(SolutionProperties) = preSolution
		HideSolutionNode = FALSE
	EndGlobalSection
	GlobalSection(ExtensibilityGlobals) = postSolution
		SolutionGuid = {42835C87-DD1C-4CFF-BE9A-EBC97455F2C9}
	EndGlobalSection
EndGlobal
