
Microsoft Visual Studio Solution File, Format Version 12.00
# Visual Studio Version 16
VisualStudioVersion = 16.0.31624.102
MinimumVisualStudioVersion = 10.0.40219.1
Project("{FAE04EC0-301F-11D3-BF4B-00C04F79EFBC}") = "AnonimTypes", "AnonimTypes\AnonimTypes.csproj", "{F1945CF7-50C0-471A-B2B2-0E9D9C5D08E3}"
EndProject
Global
	GlobalSection(SolutionConfigurationPlatforms) = preSolution
		Debug|Any CPU = Debug|Any CPU
		Release|Any CPU = Release|Any CPU
	EndGlobalSection
	GlobalSection(ProjectConfigurationPlatforms) = postSolution
		{F1945CF7-50C0-471A-B2B2-0E9D9C5D08E3}.Debug|Any CPU.ActiveCfg = Debug|Any CPU
		{F1945CF7-50C0-471A-B2B2-0E9D9C5D08E3}.Debug|Any CPU.Build.0 = Debug|Any CPU
		{F1945CF7-50C0-471A-B2B2-0E9D9C5D08E3}.Release|Any CPU.ActiveCfg = Release|Any CPU
		{F1945CF7-50C0-471A-B2B2-0E9D9C5D08E3}.Release|Any CPU.Build.0 = Release|Any CPU
	EndGlobalSection
	GlobalSection(SolutionProperties) = preSolution
		HideSolutionNode = FALSE
	EndGlobalSection
	GlobalSection(ExtensibilityGlobals) = postSolution
		SolutionGuid = {B67D3137-48FF-4E98-8AFA-4D577163CD5C}
	EndGlobalSection
EndGlobal
